// !$*UTF8*$!
{
	archiveVersion = 1;
	classes = {
	};
	objectVersion = 50;
	objects = {

/* Begin PBXBuildFile section */
		CC0608D023E16E5A006D2B4B /* AppDelegate.swift in Sources */ = {isa = PBXBuildFile; fileRef = CC0608CF23E16E5A006D2B4B /* AppDelegate.swift */; };
		CC0608D223E16E5A006D2B4B /* SceneDelegate.swift in Sources */ = {isa = PBXBuildFile; fileRef = CC0608D123E16E5A006D2B4B /* SceneDelegate.swift */; };
		CC0608D423E16E5A006D2B4B /* MainViewController.swift in Sources */ = {isa = PBXBuildFile; fileRef = CC0608D323E16E5A006D2B4B /* MainViewController.swift */; };
		CC0608D723E16E5A006D2B4B /* Main.storyboard in Resources */ = {isa = PBXBuildFile; fileRef = CC0608D523E16E5A006D2B4B /* Main.storyboard */; };
		CC0608D923E16E5D006D2B4B /* Assets.xcassets in Resources */ = {isa = PBXBuildFile; fileRef = CC0608D823E16E5D006D2B4B /* Assets.xcassets */; };
		CC0608DC23E16E5D006D2B4B /* LaunchScreen.storyboard in Resources */ = {isa = PBXBuildFile; fileRef = CC0608DA23E16E5D006D2B4B /* LaunchScreen.storyboard */; };
		CC0608E723E16E5D006D2B4B /* AcousticContentSampleAppTests.swift in Sources */ = {isa = PBXBuildFile; fileRef = CC0608E623E16E5D006D2B4B /* AcousticContentSampleAppTests.swift */; };
		CC15B3FA23E9942700C7D794 /* HomeViewController.swift in Sources */ = {isa = PBXBuildFile; fileRef = CC15B3F923E9942700C7D794 /* HomeViewController.swift */; };
		CC15B3FC23E9943600C7D794 /* AboutViewController.swift in Sources */ = {isa = PBXBuildFile; fileRef = CC15B3FB23E9943600C7D794 /* AboutViewController.swift */; };
		CC15B3FE23E9944300C7D794 /* DestinationsViewController.swift in Sources */ = {isa = PBXBuildFile; fileRef = CC15B3FD23E9944300C7D794 /* DestinationsViewController.swift */; };
		CC15B40023E9945000C7D794 /* GalleryViewController.swift in Sources */ = {isa = PBXBuildFile; fileRef = CC15B3FF23E9945000C7D794 /* GalleryViewController.swift */; };
		CC15B40223E99BA100C7D794 /* GalleryDetailsViewController.swift in Sources */ = {isa = PBXBuildFile; fileRef = CC15B40123E99BA100C7D794 /* GalleryDetailsViewController.swift */; };
		CC15B40423E99C2F00C7D794 /* DestinationsDetailsViewController.swift in Sources */ = {isa = PBXBuildFile; fileRef = CC15B40323E99C2F00C7D794 /* DestinationsDetailsViewController.swift */; };
		CC15B40623E99C4200C7D794 /* ArticleViewController.swift in Sources */ = {isa = PBXBuildFile; fileRef = CC15B40523E99C4200C7D794 /* ArticleViewController.swift */; };
		CC15B40923E9A04B00C7D794 /* ContactsViewController.swift in Sources */ = {isa = PBXBuildFile; fileRef = CC15B40823E9A04B00C7D794 /* ContactsViewController.swift */; };
		CC15B40B23EC2F8E00C7D794 /* ImageCell.swift in Sources */ = {isa = PBXBuildFile; fileRef = CC15B40A23EC2F8E00C7D794 /* ImageCell.swift */; };
		CC15B40E23F1769000C7D794 /* SelectableTitleCell.swift in Sources */ = {isa = PBXBuildFile; fileRef = CC15B40D23F1769000C7D794 /* SelectableTitleCell.swift */; };
		CC15B41023F18BA800C7D794 /* ArticleCell.swift in Sources */ = {isa = PBXBuildFile; fileRef = CC15B40F23F18BA800C7D794 /* ArticleCell.swift */; };
		CC77531D23FBF21500C0B812 /* DeliverySearchModel.swift in Sources */ = {isa = PBXBuildFile; fileRef = CC77531C23FBF21500C0B812 /* DeliverySearchModel.swift */; };
		CC77531F23FBF5FC00C0B812 /* ContactsDataSource.swift in Sources */ = {isa = PBXBuildFile; fileRef = CC77531E23FBF5FC00C0B812 /* ContactsDataSource.swift */; };
		CC77532123FBF9B100C0B812 /* BasicDataLoader.swift in Sources */ = {isa = PBXBuildFile; fileRef = CC77532023FBF9B100C0B812 /* BasicDataLoader.swift */; };
		CC77532323FC075300C0B812 /* URLProvider.swift in Sources */ = {isa = PBXBuildFile; fileRef = CC77532223FC075300C0B812 /* URLProvider.swift */; };
		CC77532523FC0E2B00C0B812 /* ContactCell.swift in Sources */ = {isa = PBXBuildFile; fileRef = CC77532423FC0E2B00C0B812 /* ContactCell.swift */; };
		CC77532723FC0FFE00C0B812 /* ContactsModel.swift in Sources */ = {isa = PBXBuildFile; fileRef = CC77532623FC0FFE00C0B812 /* ContactsModel.swift */; };
		CC77532A23FC20DE00C0B812 /* UILabel+Extensions.swift in Sources */ = {isa = PBXBuildFile; fileRef = CC77532923FC20DE00C0B812 /* UILabel+Extensions.swift */; };
		CC77532C23FD1CD900C0B812 /* AboutModel.swift in Sources */ = {isa = PBXBuildFile; fileRef = CC77532B23FD1CD900C0B812 /* AboutModel.swift */; };
		CC77532E23FD1DB300C0B812 /* ContentTextModel.swift in Sources */ = {isa = PBXBuildFile; fileRef = CC77532D23FD1DB300C0B812 /* ContentTextModel.swift */; };
		CC77533023FD1E4000C0B812 /* AboutDataSource.swift in Sources */ = {isa = PBXBuildFile; fileRef = CC77532F23FD1E4000C0B812 /* AboutDataSource.swift */; };
		CC77533223FD1F0A00C0B812 /* NSAttributedString+Extensions.swift in Sources */ = {isa = PBXBuildFile; fileRef = CC77533123FD1F0A00C0B812 /* NSAttributedString+Extensions.swift */; };
		CC77533623FD333F00C0B812 /* GalleryDataSource.swift in Sources */ = {isa = PBXBuildFile; fileRef = CC77533523FD333F00C0B812 /* GalleryDataSource.swift */; };
		CC77533823FD336C00C0B812 /* GalleryImageModel.swift in Sources */ = {isa = PBXBuildFile; fileRef = CC77533723FD336C00C0B812 /* GalleryImageModel.swift */; };
		CC77533A23FD471800C0B812 /* UIImageView+Extensions.swift in Sources */ = {isa = PBXBuildFile; fileRef = CC77533923FD471800C0B812 /* UIImageView+Extensions.swift */; };
		CC77533C23FEA8C000C0B812 /* HomeModel.swift in Sources */ = {isa = PBXBuildFile; fileRef = CC77533B23FEA8C000C0B812 /* HomeModel.swift */; };
		CC77533E23FEABC300C0B812 /* HomeDataSource.swift in Sources */ = {isa = PBXBuildFile; fileRef = CC77533D23FEABC300C0B812 /* HomeDataSource.swift */; };
		CC77534123FFFB9F00C0B812 /* TravelArticleModel.swift in Sources */ = {isa = PBXBuildFile; fileRef = CC77534023FFFB9F00C0B812 /* TravelArticleModel.swift */; };
		CC77534323FFFC1100C0B812 /* ContentImageModel.swift in Sources */ = {isa = PBXBuildFile; fileRef = CC77534223FFFC1100C0B812 /* ContentImageModel.swift */; };
		CC77534523FFFD1B00C0B812 /* ArticlesDataSource.swift in Sources */ = {isa = PBXBuildFile; fileRef = CC77534423FFFD1B00C0B812 /* ArticlesDataSource.swift */; };
		CC7753472400141700C0B812 /* TimeFormatter+Extensions.swift in Sources */ = {isa = PBXBuildFile; fileRef = CC7753462400141700C0B812 /* TimeFormatter+Extensions.swift */; };
		CC7753492400149300C0B812 /* String+Extensions.swift in Sources */ = {isa = PBXBuildFile; fileRef = CC7753482400149300C0B812 /* String+Extensions.swift */; };
		CC77534B2400151900C0B812 /* Date+Extensions.swift in Sources */ = {isa = PBXBuildFile; fileRef = CC77534A2400151900C0B812 /* Date+Extensions.swift */; };
		CC77534D2400184100C0B812 /* ContentCategoryModel.swift in Sources */ = {isa = PBXBuildFile; fileRef = CC77534C2400184100C0B812 /* ContentCategoryModel.swift */; };
		CCB86D792406580100684997 /* CountryModel.swift in Sources */ = {isa = PBXBuildFile; fileRef = CCB86D782406580100684997 /* CountryModel.swift */; };
		CCB86D7D2406599600684997 /* ContentRenditionModel.swift in Sources */ = {isa = PBXBuildFile; fileRef = CCB86D7C2406599600684997 /* ContentRenditionModel.swift */; };
		CCB86D7F24065A1200684997 /* CountryDataSource.swift in Sources */ = {isa = PBXBuildFile; fileRef = CCB86D7E24065A1200684997 /* CountryDataSource.swift */; };
		CCB86D8124065FDB00684997 /* DestinationsDataSource.swift in Sources */ = {isa = PBXBuildFile; fileRef = CCB86D8024065FDB00684997 /* DestinationsDataSource.swift */; };
		CCB86D832406600000684997 /* DestinationsModel.swift in Sources */ = {isa = PBXBuildFile; fileRef = CCB86D822406600000684997 /* DestinationsModel.swift */; };
		CCB86D85240660F900684997 /* RegionModel.swift in Sources */ = {isa = PBXBuildFile; fileRef = CCB86D84240660F900684997 /* RegionModel.swift */; };
		CCB86D872406629400684997 /* RegionDataSource.swift in Sources */ = {isa = PBXBuildFile; fileRef = CCB86D862406629400684997 /* RegionDataSource.swift */; };
		CCB86D90240E444300684997 /* SearchResultController.swift in Sources */ = {isa = PBXBuildFile; fileRef = CCB86D8F240E444300684997 /* SearchResultController.swift */; };
		CCB86D92240E5E9000684997 /* SearchDataSource.swift in Sources */ = {isa = PBXBuildFile; fileRef = CCB86D91240E5E9000684997 /* SearchDataSource.swift */; };
		CCB86D94240E612D00684997 /* SearchResultModel.swift in Sources */ = {isa = PBXBuildFile; fileRef = CCB86D93240E612D00684997 /* SearchResultModel.swift */; };
		CCB86D96240E71BA00684997 /* ViewControllerWithSearch.swift in Sources */ = {isa = PBXBuildFile; fileRef = CCB86D95240E71BA00684997 /* ViewControllerWithSearch.swift */; };
		CCB86D98240FA5FB00684997 /* BasicDataSource.swift in Sources */ = {isa = PBXBuildFile; fileRef = CCB86D97240FA5FB00684997 /* BasicDataSource.swift */; };
		CCB86D9A240FB03000684997 /* EquatableModel.swift in Sources */ = {isa = PBXBuildFile; fileRef = CCB86D99240FB03000684997 /* EquatableModel.swift */; };
		CCDA3E0F23F56A3B0021E437 /* HomeImageCell.swift in Sources */ = {isa = PBXBuildFile; fileRef = CCDA3E0E23F56A3B0021E437 /* HomeImageCell.swift */; };
/* End PBXBuildFile section */

/* Begin PBXContainerItemProxy section */
		CC0608E323E16E5D006D2B4B /* PBXContainerItemProxy */ = {
			isa = PBXContainerItemProxy;
			containerPortal = CC0608C423E16E5A006D2B4B /* Project object */;
			proxyType = 1;
			remoteGlobalIDString = CC0608CB23E16E5A006D2B4B;
			remoteInfo = AcousticContentSampleApp;
		};
/* End PBXContainerItemProxy section */

/* Begin PBXFileReference section */
		CC0608CC23E16E5A006D2B4B /* AcousticContentSampleApp.app */ = {isa = PBXFileReference; explicitFileType = wrapper.application; includeInIndex = 0; path = AcousticContentSampleApp.app; sourceTree = BUILT_PRODUCTS_DIR; };
		CC0608CF23E16E5A006D2B4B /* AppDelegate.swift */ = {isa = PBXFileReference; lastKnownFileType = sourcecode.swift; path = AppDelegate.swift; sourceTree = "<group>"; };
		CC0608D123E16E5A006D2B4B /* SceneDelegate.swift */ = {isa = PBXFileReference; lastKnownFileType = sourcecode.swift; path = SceneDelegate.swift; sourceTree = "<group>"; };
		CC0608D323E16E5A006D2B4B /* MainViewController.swift */ = {isa = PBXFileReference; lastKnownFileType = sourcecode.swift; path = MainViewController.swift; sourceTree = "<group>"; };
		CC0608D623E16E5A006D2B4B /* Base */ = {isa = PBXFileReference; lastKnownFileType = file.storyboard; name = Base; path = Base.lproj/Main.storyboard; sourceTree = "<group>"; };
		CC0608D823E16E5D006D2B4B /* Assets.xcassets */ = {isa = PBXFileReference; lastKnownFileType = folder.assetcatalog; path = Assets.xcassets; sourceTree = "<group>"; };
		CC0608DB23E16E5D006D2B4B /* Base */ = {isa = PBXFileReference; lastKnownFileType = file.storyboard; name = Base; path = Base.lproj/LaunchScreen.storyboard; sourceTree = "<group>"; };
		CC0608DD23E16E5D006D2B4B /* Info.plist */ = {isa = PBXFileReference; lastKnownFileType = text.plist.xml; path = Info.plist; sourceTree = "<group>"; };
		CC0608E223E16E5D006D2B4B /* AcousticContentSampleAppTests.xctest */ = {isa = PBXFileReference; explicitFileType = wrapper.cfbundle; includeInIndex = 0; path = AcousticContentSampleAppTests.xctest; sourceTree = BUILT_PRODUCTS_DIR; };
		CC0608E623E16E5D006D2B4B /* AcousticContentSampleAppTests.swift */ = {isa = PBXFileReference; lastKnownFileType = sourcecode.swift; path = AcousticContentSampleAppTests.swift; sourceTree = "<group>"; };
		CC0608E823E16E5D006D2B4B /* Info.plist */ = {isa = PBXFileReference; lastKnownFileType = text.plist.xml; path = Info.plist; sourceTree = "<group>"; };
		CC15B3F923E9942700C7D794 /* HomeViewController.swift */ = {isa = PBXFileReference; lastKnownFileType = sourcecode.swift; path = HomeViewController.swift; sourceTree = "<group>"; };
		CC15B3FB23E9943600C7D794 /* AboutViewController.swift */ = {isa = PBXFileReference; lastKnownFileType = sourcecode.swift; path = AboutViewController.swift; sourceTree = "<group>"; };
		CC15B3FD23E9944300C7D794 /* DestinationsViewController.swift */ = {isa = PBXFileReference; lastKnownFileType = sourcecode.swift; path = DestinationsViewController.swift; sourceTree = "<group>"; };
		CC15B3FF23E9945000C7D794 /* GalleryViewController.swift */ = {isa = PBXFileReference; lastKnownFileType = sourcecode.swift; path = GalleryViewController.swift; sourceTree = "<group>"; };
		CC15B40123E99BA100C7D794 /* GalleryDetailsViewController.swift */ = {isa = PBXFileReference; lastKnownFileType = sourcecode.swift; path = GalleryDetailsViewController.swift; sourceTree = "<group>"; };
		CC15B40323E99C2F00C7D794 /* DestinationsDetailsViewController.swift */ = {isa = PBXFileReference; lastKnownFileType = sourcecode.swift; path = DestinationsDetailsViewController.swift; sourceTree = "<group>"; };
		CC15B40523E99C4200C7D794 /* ArticleViewController.swift */ = {isa = PBXFileReference; lastKnownFileType = sourcecode.swift; path = ArticleViewController.swift; sourceTree = "<group>"; };
		CC15B40823E9A04B00C7D794 /* ContactsViewController.swift */ = {isa = PBXFileReference; lastKnownFileType = sourcecode.swift; path = ContactsViewController.swift; sourceTree = "<group>"; };
		CC15B40A23EC2F8E00C7D794 /* ImageCell.swift */ = {isa = PBXFileReference; lastKnownFileType = sourcecode.swift; path = ImageCell.swift; sourceTree = "<group>"; };
		CC15B40D23F1769000C7D794 /* SelectableTitleCell.swift */ = {isa = PBXFileReference; lastKnownFileType = sourcecode.swift; name = SelectableTitleCell.swift; path = AcousticContentSampleApp/Controllers/Cells/SelectableTitleCell.swift; sourceTree = SOURCE_ROOT; };
		CC15B40F23F18BA800C7D794 /* ArticleCell.swift */ = {isa = PBXFileReference; lastKnownFileType = sourcecode.swift; path = ArticleCell.swift; sourceTree = "<group>"; };
		CC77531C23FBF21500C0B812 /* DeliverySearchModel.swift */ = {isa = PBXFileReference; lastKnownFileType = sourcecode.swift; path = DeliverySearchModel.swift; sourceTree = "<group>"; };
		CC77531E23FBF5FC00C0B812 /* ContactsDataSource.swift */ = {isa = PBXFileReference; lastKnownFileType = sourcecode.swift; path = ContactsDataSource.swift; sourceTree = "<group>"; };
		CC77532023FBF9B100C0B812 /* BasicDataLoader.swift */ = {isa = PBXFileReference; lastKnownFileType = sourcecode.swift; path = BasicDataLoader.swift; sourceTree = "<group>"; };
		CC77532223FC075300C0B812 /* URLProvider.swift */ = {isa = PBXFileReference; lastKnownFileType = sourcecode.swift; path = URLProvider.swift; sourceTree = "<group>"; };
		CC77532423FC0E2B00C0B812 /* ContactCell.swift */ = {isa = PBXFileReference; lastKnownFileType = sourcecode.swift; path = ContactCell.swift; sourceTree = "<group>"; };
		CC77532623FC0FFE00C0B812 /* ContactsModel.swift */ = {isa = PBXFileReference; lastKnownFileType = sourcecode.swift; path = ContactsModel.swift; sourceTree = "<group>"; };
		CC77532923FC20DE00C0B812 /* UILabel+Extensions.swift */ = {isa = PBXFileReference; lastKnownFileType = sourcecode.swift; path = "UILabel+Extensions.swift"; sourceTree = "<group>"; };
		CC77532B23FD1CD900C0B812 /* AboutModel.swift */ = {isa = PBXFileReference; lastKnownFileType = sourcecode.swift; path = AboutModel.swift; sourceTree = "<group>"; };
		CC77532D23FD1DB300C0B812 /* ContentTextModel.swift */ = {isa = PBXFileReference; lastKnownFileType = sourcecode.swift; path = ContentTextModel.swift; sourceTree = "<group>"; };
		CC77532F23FD1E4000C0B812 /* AboutDataSource.swift */ = {isa = PBXFileReference; lastKnownFileType = sourcecode.swift; path = AboutDataSource.swift; sourceTree = "<group>"; };
		CC77533123FD1F0A00C0B812 /* NSAttributedString+Extensions.swift */ = {isa = PBXFileReference; lastKnownFileType = sourcecode.swift; path = "NSAttributedString+Extensions.swift"; sourceTree = "<group>"; };
		CC77533523FD333F00C0B812 /* GalleryDataSource.swift */ = {isa = PBXFileReference; lastKnownFileType = sourcecode.swift; path = GalleryDataSource.swift; sourceTree = "<group>"; };
		CC77533723FD336C00C0B812 /* GalleryImageModel.swift */ = {isa = PBXFileReference; lastKnownFileType = sourcecode.swift; path = GalleryImageModel.swift; sourceTree = "<group>"; };
		CC77533923FD471800C0B812 /* UIImageView+Extensions.swift */ = {isa = PBXFileReference; lastKnownFileType = sourcecode.swift; path = "UIImageView+Extensions.swift"; sourceTree = "<group>"; };
		CC77533B23FEA8C000C0B812 /* HomeModel.swift */ = {isa = PBXFileReference; lastKnownFileType = sourcecode.swift; path = HomeModel.swift; sourceTree = "<group>"; };
		CC77533D23FEABC300C0B812 /* HomeDataSource.swift */ = {isa = PBXFileReference; lastKnownFileType = sourcecode.swift; path = HomeDataSource.swift; sourceTree = "<group>"; };
		CC77534023FFFB9F00C0B812 /* TravelArticleModel.swift */ = {isa = PBXFileReference; lastKnownFileType = sourcecode.swift; path = TravelArticleModel.swift; sourceTree = "<group>"; };
		CC77534223FFFC1100C0B812 /* ContentImageModel.swift */ = {isa = PBXFileReference; lastKnownFileType = sourcecode.swift; path = ContentImageModel.swift; sourceTree = "<group>"; };
		CC77534423FFFD1B00C0B812 /* ArticlesDataSource.swift */ = {isa = PBXFileReference; lastKnownFileType = sourcecode.swift; path = ArticlesDataSource.swift; sourceTree = "<group>"; };
		CC7753462400141700C0B812 /* TimeFormatter+Extensions.swift */ = {isa = PBXFileReference; lastKnownFileType = sourcecode.swift; path = "TimeFormatter+Extensions.swift"; sourceTree = "<group>"; };
		CC7753482400149300C0B812 /* String+Extensions.swift */ = {isa = PBXFileReference; lastKnownFileType = sourcecode.swift; path = "String+Extensions.swift"; sourceTree = "<group>"; };
		CC77534A2400151900C0B812 /* Date+Extensions.swift */ = {isa = PBXFileReference; lastKnownFileType = sourcecode.swift; path = "Date+Extensions.swift"; sourceTree = "<group>"; };
		CC77534C2400184100C0B812 /* ContentCategoryModel.swift */ = {isa = PBXFileReference; lastKnownFileType = sourcecode.swift; path = ContentCategoryModel.swift; sourceTree = "<group>"; };
		CCB86D782406580100684997 /* CountryModel.swift */ = {isa = PBXFileReference; lastKnownFileType = sourcecode.swift; path = CountryModel.swift; sourceTree = "<group>"; };
		CCB86D7C2406599600684997 /* ContentRenditionModel.swift */ = {isa = PBXFileReference; lastKnownFileType = sourcecode.swift; path = ContentRenditionModel.swift; sourceTree = "<group>"; };
		CCB86D7E24065A1200684997 /* CountryDataSource.swift */ = {isa = PBXFileReference; lastKnownFileType = sourcecode.swift; path = CountryDataSource.swift; sourceTree = "<group>"; };
		CCB86D8024065FDB00684997 /* DestinationsDataSource.swift */ = {isa = PBXFileReference; lastKnownFileType = sourcecode.swift; path = DestinationsDataSource.swift; sourceTree = "<group>"; };
		CCB86D822406600000684997 /* DestinationsModel.swift */ = {isa = PBXFileReference; lastKnownFileType = sourcecode.swift; path = DestinationsModel.swift; sourceTree = "<group>"; };
		CCB86D84240660F900684997 /* RegionModel.swift */ = {isa = PBXFileReference; lastKnownFileType = sourcecode.swift; path = RegionModel.swift; sourceTree = "<group>"; };
		CCB86D862406629400684997 /* RegionDataSource.swift */ = {isa = PBXFileReference; lastKnownFileType = sourcecode.swift; path = RegionDataSource.swift; sourceTree = "<group>"; };
		CCB86D8F240E444300684997 /* SearchResultController.swift */ = {isa = PBXFileReference; lastKnownFileType = sourcecode.swift; path = SearchResultController.swift; sourceTree = "<group>"; };
		CCB86D91240E5E9000684997 /* SearchDataSource.swift */ = {isa = PBXFileReference; lastKnownFileType = sourcecode.swift; path = SearchDataSource.swift; sourceTree = "<group>"; };
		CCB86D93240E612D00684997 /* SearchResultModel.swift */ = {isa = PBXFileReference; lastKnownFileType = sourcecode.swift; path = SearchResultModel.swift; sourceTree = "<group>"; };
		CCB86D95240E71BA00684997 /* ViewControllerWithSearch.swift */ = {isa = PBXFileReference; lastKnownFileType = sourcecode.swift; path = ViewControllerWithSearch.swift; sourceTree = "<group>"; };
		CCB86D97240FA5FB00684997 /* BasicDataSource.swift */ = {isa = PBXFileReference; lastKnownFileType = sourcecode.swift; path = BasicDataSource.swift; sourceTree = "<group>"; };
		CCB86D99240FB03000684997 /* EquatableModel.swift */ = {isa = PBXFileReference; lastKnownFileType = sourcecode.swift; path = EquatableModel.swift; sourceTree = "<group>"; };
		CCDA3E0E23F56A3B0021E437 /* HomeImageCell.swift */ = {isa = PBXFileReference; lastKnownFileType = sourcecode.swift; path = HomeImageCell.swift; sourceTree = "<group>"; };
/* End PBXFileReference section */

/* Begin PBXFrameworksBuildPhase section */
		CC0608C923E16E5A006D2B4B /* Frameworks */ = {
			isa = PBXFrameworksBuildPhase;
			buildActionMask = 2147483647;
			files = (
			);
			runOnlyForDeploymentPostprocessing = 0;
		};
		CC0608DF23E16E5D006D2B4B /* Frameworks */ = {
			isa = PBXFrameworksBuildPhase;
			buildActionMask = 2147483647;
			files = (
			);
			runOnlyForDeploymentPostprocessing = 0;
		};
/* End PBXFrameworksBuildPhase section */

/* Begin PBXGroup section */
		CC0608C323E16E5A006D2B4B = {
			isa = PBXGroup;
			children = (
				CC0608CE23E16E5A006D2B4B /* AcousticContentSampleApp */,
				CC0608E523E16E5D006D2B4B /* AcousticContentSampleAppTests */,
				CC0608CD23E16E5A006D2B4B /* Products */,
			);
			sourceTree = "<group>";
		};
		CC0608CD23E16E5A006D2B4B /* Products */ = {
			isa = PBXGroup;
			children = (
				CC0608CC23E16E5A006D2B4B /* AcousticContentSampleApp.app */,
				CC0608E223E16E5D006D2B4B /* AcousticContentSampleAppTests.xctest */,
			);
			name = Products;
			sourceTree = "<group>";
		};
		CC0608CE23E16E5A006D2B4B /* AcousticContentSampleApp */ = {
			isa = PBXGroup;
			children = (
				CC77532823FC20CB00C0B812 /* Extensions */,
				CC77531923FBF16500C0B812 /* Data Layer */,
				CC15B3F323E98E8500C7D794 /* Controllers */,
				CC0608CF23E16E5A006D2B4B /* AppDelegate.swift */,
				CC0608D123E16E5A006D2B4B /* SceneDelegate.swift */,
				CC0608D823E16E5D006D2B4B /* Assets.xcassets */,
				CC0608DA23E16E5D006D2B4B /* LaunchScreen.storyboard */,
				CC0608DD23E16E5D006D2B4B /* Info.plist */,
			);
			path = AcousticContentSampleApp;
			sourceTree = "<group>";
		};
		CC0608E523E16E5D006D2B4B /* AcousticContentSampleAppTests */ = {
			isa = PBXGroup;
			children = (
				CC0608E623E16E5D006D2B4B /* AcousticContentSampleAppTests.swift */,
				CC0608E823E16E5D006D2B4B /* Info.plist */,
			);
			path = AcousticContentSampleAppTests;
			sourceTree = "<group>";
		};
		CC15B3F323E98E8500C7D794 /* Controllers */ = {
			isa = PBXGroup;
			children = (
				CC15B40C23F175B400C7D794 /* Cells */,
				CCB86D8E240E442B00684997 /* Search  */,
				CC77533F23FEC0DE00C0B812 /* Articles */,
				CC15B3F823E98F6B00C7D794 /* Home */,
				CC15B3F523E98EA200C7D794 /* About */,
				CC15B3F623E98EAB00C7D794 /* Destinations */,
				CC15B3F723E98EBB00C7D794 /* Gallery */,
				CC15B40723E9A03600C7D794 /* Contacts */,
				CC0608D323E16E5A006D2B4B /* MainViewController.swift */,
				CC0608D523E16E5A006D2B4B /* Main.storyboard */,
			);
			path = Controllers;
			sourceTree = "<group>";
		};
		CC15B3F523E98EA200C7D794 /* About */ = {
			isa = PBXGroup;
			children = (
				CC15B3FB23E9943600C7D794 /* AboutViewController.swift */,
			);
			path = About;
			sourceTree = "<group>";
		};
		CC15B3F623E98EAB00C7D794 /* Destinations */ = {
			isa = PBXGroup;
			children = (
				CC15B3FD23E9944300C7D794 /* DestinationsViewController.swift */,
				CC15B40323E99C2F00C7D794 /* DestinationsDetailsViewController.swift */,
			);
			path = Destinations;
			sourceTree = "<group>";
		};
		CC15B3F723E98EBB00C7D794 /* Gallery */ = {
			isa = PBXGroup;
			children = (
				CC15B3FF23E9945000C7D794 /* GalleryViewController.swift */,
				CC15B40123E99BA100C7D794 /* GalleryDetailsViewController.swift */,
			);
			path = Gallery;
			sourceTree = "<group>";
		};
		CC15B3F823E98F6B00C7D794 /* Home */ = {
			isa = PBXGroup;
			children = (
				CC15B3F923E9942700C7D794 /* HomeViewController.swift */,
			);
			path = Home;
			sourceTree = "<group>";
		};
		CC15B40723E9A03600C7D794 /* Contacts */ = {
			isa = PBXGroup;
			children = (
				CC15B40823E9A04B00C7D794 /* ContactsViewController.swift */,
			);
			path = Contacts;
			sourceTree = "<group>";
		};
		CC15B40C23F175B400C7D794 /* Cells */ = {
			isa = PBXGroup;
			children = (
				CC15B40A23EC2F8E00C7D794 /* ImageCell.swift */,
				CC15B40F23F18BA800C7D794 /* ArticleCell.swift */,
				CC15B40D23F1769000C7D794 /* SelectableTitleCell.swift */,
				CCDA3E0E23F56A3B0021E437 /* HomeImageCell.swift */,
				CC77532423FC0E2B00C0B812 /* ContactCell.swift */,
			);
			path = Cells;
			sourceTree = "<group>";
		};
		CC77531923FBF16500C0B812 /* Data Layer */ = {
			isa = PBXGroup;
			children = (
				CC77531B23FBF1BB00C0B812 /* Data Sources */,
				CC77531A23FBF18800C0B812 /* Data Models */,
				CC77532023FBF9B100C0B812 /* BasicDataLoader.swift */,
				CC77532223FC075300C0B812 /* URLProvider.swift */,
			);
			path = "Data Layer";
			sourceTree = "<group>";
		};
		CC77531A23FBF18800C0B812 /* Data Models */ = {
			isa = PBXGroup;
			children = (
				CCB86D99240FB03000684997 /* EquatableModel.swift */,
				CC77532D23FD1DB300C0B812 /* ContentTextModel.swift */,
				CC77534223FFFC1100C0B812 /* ContentImageModel.swift */,
				CCB86D7C2406599600684997 /* ContentRenditionModel.swift */,
				CC77534C2400184100C0B812 /* ContentCategoryModel.swift */,
				CC77531C23FBF21500C0B812 /* DeliverySearchModel.swift */,
				CC77533723FD336C00C0B812 /* GalleryImageModel.swift */,
				CC77534023FFFB9F00C0B812 /* TravelArticleModel.swift */,
				CC77533B23FEA8C000C0B812 /* HomeModel.swift */,
				CC77532B23FD1CD900C0B812 /* AboutModel.swift */,
				CCB86D822406600000684997 /* DestinationsModel.swift */,
				CCB86D84240660F900684997 /* RegionModel.swift */,
				CCB86D782406580100684997 /* CountryModel.swift */,
				CC77532623FC0FFE00C0B812 /* ContactsModel.swift */,
				CCB86D93240E612D00684997 /* SearchResultModel.swift */,
			);
			path = "Data Models";
			sourceTree = "<group>";
		};
		CC77531B23FBF1BB00C0B812 /* Data Sources */ = {
			isa = PBXGroup;
			children = (
				CCB86D97240FA5FB00684997 /* BasicDataSource.swift */,
				CC77531E23FBF5FC00C0B812 /* ContactsDataSource.swift */,
				CC77533D23FEABC300C0B812 /* HomeDataSource.swift */,
				CC77532F23FD1E4000C0B812 /* AboutDataSource.swift */,
				CCB86D8024065FDB00684997 /* DestinationsDataSource.swift */,
				CCB86D862406629400684997 /* RegionDataSource.swift */,
				CCB86D7E24065A1200684997 /* CountryDataSource.swift */,
				CC77533523FD333F00C0B812 /* GalleryDataSource.swift */,
				CC77534423FFFD1B00C0B812 /* ArticlesDataSource.swift */,
				CCB86D91240E5E9000684997 /* SearchDataSource.swift */,
			);
			path = "Data Sources";
			sourceTree = "<group>";
		};
		CC77532823FC20CB00C0B812 /* Extensions */ = {
			isa = PBXGroup;
			children = (
				CC77532923FC20DE00C0B812 /* UILabel+Extensions.swift */,
				CC77533123FD1F0A00C0B812 /* NSAttributedString+Extensions.swift */,
				CC77533923FD471800C0B812 /* UIImageView+Extensions.swift */,
				CC7753462400141700C0B812 /* TimeFormatter+Extensions.swift */,
				CC7753482400149300C0B812 /* String+Extensions.swift */,
				CC77534A2400151900C0B812 /* Date+Extensions.swift */,
			);
			path = Extensions;
			sourceTree = "<group>";
		};
		CC77533F23FEC0DE00C0B812 /* Articles */ = {
			isa = PBXGroup;
			children = (
				CC15B40523E99C4200C7D794 /* ArticleViewController.swift */,
			);
			path = Articles;
			sourceTree = "<group>";
		};
		CCB86D8E240E442B00684997 /* Search  */ = {
			isa = PBXGroup;
			children = (
				CCB86D95240E71BA00684997 /* ViewControllerWithSearch.swift */,
				CCB86D8F240E444300684997 /* SearchResultController.swift */,
			);
			path = "Search ";
			sourceTree = "<group>";
		};
/* End PBXGroup section */

/* Begin PBXNativeTarget section */
		CC0608CB23E16E5A006D2B4B /* AcousticContentSampleApp */ = {
			isa = PBXNativeTarget;
			buildConfigurationList = CC0608EB23E16E5D006D2B4B /* Build configuration list for PBXNativeTarget "AcousticContentSampleApp" */;
			buildPhases = (
				CC0608C823E16E5A006D2B4B /* Sources */,
				CC0608C923E16E5A006D2B4B /* Frameworks */,
				CC0608CA23E16E5A006D2B4B /* Resources */,
			);
			buildRules = (
			);
			dependencies = (
			);
			name = AcousticContentSampleApp;
			productName = AcousticContentSampleApp;
			productReference = CC0608CC23E16E5A006D2B4B /* AcousticContentSampleApp.app */;
			productType = "com.apple.product-type.application";
		};
		CC0608E123E16E5D006D2B4B /* AcousticContentSampleAppTests */ = {
			isa = PBXNativeTarget;
			buildConfigurationList = CC0608EE23E16E5D006D2B4B /* Build configuration list for PBXNativeTarget "AcousticContentSampleAppTests" */;
			buildPhases = (
				CC0608DE23E16E5D006D2B4B /* Sources */,
				CC0608DF23E16E5D006D2B4B /* Frameworks */,
				CC0608E023E16E5D006D2B4B /* Resources */,
			);
			buildRules = (
			);
			dependencies = (
				CC0608E423E16E5D006D2B4B /* PBXTargetDependency */,
			);
			name = AcousticContentSampleAppTests;
			productName = AcousticContentSampleAppTests;
			productReference = CC0608E223E16E5D006D2B4B /* AcousticContentSampleAppTests.xctest */;
			productType = "com.apple.product-type.bundle.unit-test";
		};
/* End PBXNativeTarget section */

/* Begin PBXProject section */
		CC0608C423E16E5A006D2B4B /* Project object */ = {
			isa = PBXProject;
			attributes = {
				LastSwiftUpdateCheck = 1130;
				LastUpgradeCheck = 1130;
				ORGANIZATIONNAME = IBM;
				TargetAttributes = {
					CC0608CB23E16E5A006D2B4B = {
						CreatedOnToolsVersion = 11.3.1;
					};
					CC0608E123E16E5D006D2B4B = {
						CreatedOnToolsVersion = 11.3.1;
						TestTargetID = CC0608CB23E16E5A006D2B4B;
					};
				};
			};
			buildConfigurationList = CC0608C723E16E5A006D2B4B /* Build configuration list for PBXProject "AcousticContentSampleApp" */;
			compatibilityVersion = "Xcode 9.3";
			developmentRegion = en;
			hasScannedForEncodings = 0;
			knownRegions = (
				en,
				Base,
			);
			mainGroup = CC0608C323E16E5A006D2B4B;
			productRefGroup = CC0608CD23E16E5A006D2B4B /* Products */;
			projectDirPath = "";
			projectRoot = "";
			targets = (
				CC0608CB23E16E5A006D2B4B /* AcousticContentSampleApp */,
				CC0608E123E16E5D006D2B4B /* AcousticContentSampleAppTests */,
			);
		};
/* End PBXProject section */

/* Begin PBXResourcesBuildPhase section */
		CC0608CA23E16E5A006D2B4B /* Resources */ = {
			isa = PBXResourcesBuildPhase;
			buildActionMask = 2147483647;
			files = (
				CC0608DC23E16E5D006D2B4B /* LaunchScreen.storyboard in Resources */,
				CC0608D923E16E5D006D2B4B /* Assets.xcassets in Resources */,
				CC0608D723E16E5A006D2B4B /* Main.storyboard in Resources */,
			);
			runOnlyForDeploymentPostprocessing = 0;
		};
		CC0608E023E16E5D006D2B4B /* Resources */ = {
			isa = PBXResourcesBuildPhase;
			buildActionMask = 2147483647;
			files = (
			);
			runOnlyForDeploymentPostprocessing = 0;
		};
/* End PBXResourcesBuildPhase section */

/* Begin PBXSourcesBuildPhase section */
		CC0608C823E16E5A006D2B4B /* Sources */ = {
			isa = PBXSourcesBuildPhase;
			buildActionMask = 2147483647;
			files = (
				CC77533A23FD471800C0B812 /* UIImageView+Extensions.swift in Sources */,
				CC7753472400141700C0B812 /* TimeFormatter+Extensions.swift in Sources */,
				CCB86D792406580100684997 /* CountryModel.swift in Sources */,
				CC77532523FC0E2B00C0B812 /* ContactCell.swift in Sources */,
				CC15B40B23EC2F8E00C7D794 /* ImageCell.swift in Sources */,
				CC7753492400149300C0B812 /* String+Extensions.swift in Sources */,
				CC77532C23FD1CD900C0B812 /* AboutModel.swift in Sources */,
				CC77532A23FC20DE00C0B812 /* UILabel+Extensions.swift in Sources */,
				CCB86D94240E612D00684997 /* SearchResultModel.swift in Sources */,
				CC15B3FE23E9944300C7D794 /* DestinationsViewController.swift in Sources */,
				CC77533023FD1E4000C0B812 /* AboutDataSource.swift in Sources */,
				CC15B40923E9A04B00C7D794 /* ContactsViewController.swift in Sources */,
				CC77533C23FEA8C000C0B812 /* HomeModel.swift in Sources */,
				CCB86D90240E444300684997 /* SearchResultController.swift in Sources */,
				CC15B40023E9945000C7D794 /* GalleryViewController.swift in Sources */,
				CC15B41023F18BA800C7D794 /* ArticleCell.swift in Sources */,
				CCB86D92240E5E9000684997 /* SearchDataSource.swift in Sources */,
				CCB86D7D2406599600684997 /* ContentRenditionModel.swift in Sources */,
				CC15B40223E99BA100C7D794 /* GalleryDetailsViewController.swift in Sources */,
				CC77533823FD336C00C0B812 /* GalleryImageModel.swift in Sources */,
				CCB86D85240660F900684997 /* RegionModel.swift in Sources */,
				CC77532323FC075300C0B812 /* URLProvider.swift in Sources */,
				CC77533E23FEABC300C0B812 /* HomeDataSource.swift in Sources */,
				CCB86D832406600000684997 /* DestinationsModel.swift in Sources */,
				CC0608D423E16E5A006D2B4B /* MainViewController.swift in Sources */,
				CC77534323FFFC1100C0B812 /* ContentImageModel.swift in Sources */,
				CC0608D023E16E5A006D2B4B /* AppDelegate.swift in Sources */,
				CC77534B2400151900C0B812 /* Date+Extensions.swift in Sources */,
				CC15B40623E99C4200C7D794 /* ArticleViewController.swift in Sources */,
				CC15B40423E99C2F00C7D794 /* DestinationsDetailsViewController.swift in Sources */,
				CC77533223FD1F0A00C0B812 /* NSAttributedString+Extensions.swift in Sources */,
				CC15B40E23F1769000C7D794 /* SelectableTitleCell.swift in Sources */,
				CC77533623FD333F00C0B812 /* GalleryDataSource.swift in Sources */,
				CC77534123FFFB9F00C0B812 /* TravelArticleModel.swift in Sources */,
				CCB86D8124065FDB00684997 /* DestinationsDataSource.swift in Sources */,
				CC77532723FC0FFE00C0B812 /* ContactsModel.swift in Sources */,
				CCDA3E0F23F56A3B0021E437 /* HomeImageCell.swift in Sources */,
				CC0608D223E16E5A006D2B4B /* SceneDelegate.swift in Sources */,
				CC77534523FFFD1B00C0B812 /* ArticlesDataSource.swift in Sources */,
				CCB86D872406629400684997 /* RegionDataSource.swift in Sources */,
				CC77532E23FD1DB300C0B812 /* ContentTextModel.swift in Sources */,
				CC15B3FC23E9943600C7D794 /* AboutViewController.swift in Sources */,
				CC77531F23FBF5FC00C0B812 /* ContactsDataSource.swift in Sources */,
				CC15B3FA23E9942700C7D794 /* HomeViewController.swift in Sources */,
				CCB86D9A240FB03000684997 /* EquatableModel.swift in Sources */,
				CCB86D7F24065A1200684997 /* CountryDataSource.swift in Sources */,
				CC77531D23FBF21500C0B812 /* DeliverySearchModel.swift in Sources */,
				CCB86D96240E71BA00684997 /* ViewControllerWithSearch.swift in Sources */,
				CCB86D98240FA5FB00684997 /* BasicDataSource.swift in Sources */,
				CC77534D2400184100C0B812 /* ContentCategoryModel.swift in Sources */,
				CC77532123FBF9B100C0B812 /* BasicDataLoader.swift in Sources */,
			);
			runOnlyForDeploymentPostprocessing = 0;
		};
		CC0608DE23E16E5D006D2B4B /* Sources */ = {
			isa = PBXSourcesBuildPhase;
			buildActionMask = 2147483647;
			files = (
				CC0608E723E16E5D006D2B4B /* AcousticContentSampleAppTests.swift in Sources */,
			);
			runOnlyForDeploymentPostprocessing = 0;
		};
/* End PBXSourcesBuildPhase section */

/* Begin PBXTargetDependency section */
		CC0608E423E16E5D006D2B4B /* PBXTargetDependency */ = {
			isa = PBXTargetDependency;
			target = CC0608CB23E16E5A006D2B4B /* AcousticContentSampleApp */;
			targetProxy = CC0608E323E16E5D006D2B4B /* PBXContainerItemProxy */;
		};
/* End PBXTargetDependency section */

/* Begin PBXVariantGroup section */
		CC0608D523E16E5A006D2B4B /* Main.storyboard */ = {
			isa = PBXVariantGroup;
			children = (
				CC0608D623E16E5A006D2B4B /* Base */,
			);
			name = Main.storyboard;
			sourceTree = "<group>";
		};
		CC0608DA23E16E5D006D2B4B /* LaunchScreen.storyboard */ = {
			isa = PBXVariantGroup;
			children = (
				CC0608DB23E16E5D006D2B4B /* Base */,
			);
			name = LaunchScreen.storyboard;
			sourceTree = "<group>";
		};
/* End PBXVariantGroup section */

/* Begin XCBuildConfiguration section */
		CC0608E923E16E5D006D2B4B /* Debug */ = {
			isa = XCBuildConfiguration;
			buildSettings = {
				ALWAYS_SEARCH_USER_PATHS = NO;
				CLANG_ANALYZER_NONNULL = YES;
				CLANG_ANALYZER_NUMBER_OBJECT_CONVERSION = YES_AGGRESSIVE;
				CLANG_CXX_LANGUAGE_STANDARD = "gnu++14";
				CLANG_CXX_LIBRARY = "libc++";
				CLANG_ENABLE_MODULES = YES;
				CLANG_ENABLE_OBJC_ARC = YES;
				CLANG_ENABLE_OBJC_WEAK = YES;
				CLANG_WARN_BLOCK_CAPTURE_AUTORELEASING = YES;
				CLANG_WARN_BOOL_CONVERSION = YES;
				CLANG_WARN_COMMA = YES;
				CLANG_WARN_CONSTANT_CONVERSION = YES;
				CLANG_WARN_DEPRECATED_OBJC_IMPLEMENTATIONS = YES;
				CLANG_WARN_DIRECT_OBJC_ISA_USAGE = YES_ERROR;
				CLANG_WARN_DOCUMENTATION_COMMENTS = YES;
				CLANG_WARN_EMPTY_BODY = YES;
				CLANG_WARN_ENUM_CONVERSION = YES;
				CLANG_WARN_INFINITE_RECURSION = YES;
				CLANG_WARN_INT_CONVERSION = YES;
				CLANG_WARN_NON_LITERAL_NULL_CONVERSION = YES;
				CLANG_WARN_OBJC_IMPLICIT_RETAIN_SELF = YES;
				CLANG_WARN_OBJC_LITERAL_CONVERSION = YES;
				CLANG_WARN_OBJC_ROOT_CLASS = YES_ERROR;
				CLANG_WARN_RANGE_LOOP_ANALYSIS = YES;
				CLANG_WARN_STRICT_PROTOTYPES = YES;
				CLANG_WARN_SUSPICIOUS_MOVE = YES;
				CLANG_WARN_UNGUARDED_AVAILABILITY = YES_AGGRESSIVE;
				CLANG_WARN_UNREACHABLE_CODE = YES;
				CLANG_WARN__DUPLICATE_METHOD_MATCH = YES;
				COPY_PHASE_STRIP = NO;
				DEBUG_INFORMATION_FORMAT = dwarf;
				ENABLE_STRICT_OBJC_MSGSEND = YES;
				ENABLE_TESTABILITY = YES;
				GCC_C_LANGUAGE_STANDARD = gnu11;
				GCC_DYNAMIC_NO_PIC = NO;
				GCC_NO_COMMON_BLOCKS = YES;
				GCC_OPTIMIZATION_LEVEL = 0;
				GCC_PREPROCESSOR_DEFINITIONS = (
					"DEBUG=1",
					"$(inherited)",
				);
				GCC_WARN_64_TO_32_BIT_CONVERSION = YES;
				GCC_WARN_ABOUT_RETURN_TYPE = YES_ERROR;
				GCC_WARN_UNDECLARED_SELECTOR = YES;
				GCC_WARN_UNINITIALIZED_AUTOS = YES_AGGRESSIVE;
				GCC_WARN_UNUSED_FUNCTION = YES;
				GCC_WARN_UNUSED_VARIABLE = YES;
				IPHONEOS_DEPLOYMENT_TARGET = 13.2;
				MTL_ENABLE_DEBUG_INFO = INCLUDE_SOURCE;
				MTL_FAST_MATH = YES;
				ONLY_ACTIVE_ARCH = YES;
				SDKROOT = iphoneos;
				SWIFT_ACTIVE_COMPILATION_CONDITIONS = DEBUG;
				SWIFT_OPTIMIZATION_LEVEL = "-Onone";
			};
			name = Debug;
		};
		CC0608EA23E16E5D006D2B4B /* Release */ = {
			isa = XCBuildConfiguration;
			buildSettings = {
				ALWAYS_SEARCH_USER_PATHS = NO;
				CLANG_ANALYZER_NONNULL = YES;
				CLANG_ANALYZER_NUMBER_OBJECT_CONVERSION = YES_AGGRESSIVE;
				CLANG_CXX_LANGUAGE_STANDARD = "gnu++14";
				CLANG_CXX_LIBRARY = "libc++";
				CLANG_ENABLE_MODULES = YES;
				CLANG_ENABLE_OBJC_ARC = YES;
				CLANG_ENABLE_OBJC_WEAK = YES;
				CLANG_WARN_BLOCK_CAPTURE_AUTORELEASING = YES;
				CLANG_WARN_BOOL_CONVERSION = YES;
				CLANG_WARN_COMMA = YES;
				CLANG_WARN_CONSTANT_CONVERSION = YES;
				CLANG_WARN_DEPRECATED_OBJC_IMPLEMENTATIONS = YES;
				CLANG_WARN_DIRECT_OBJC_ISA_USAGE = YES_ERROR;
				CLANG_WARN_DOCUMENTATION_COMMENTS = YES;
				CLANG_WARN_EMPTY_BODY = YES;
				CLANG_WARN_ENUM_CONVERSION = YES;
				CLANG_WARN_INFINITE_RECURSION = YES;
				CLANG_WARN_INT_CONVERSION = YES;
				CLANG_WARN_NON_LITERAL_NULL_CONVERSION = YES;
				CLANG_WARN_OBJC_IMPLICIT_RETAIN_SELF = YES;
				CLANG_WARN_OBJC_LITERAL_CONVERSION = YES;
				CLANG_WARN_OBJC_ROOT_CLASS = YES_ERROR;
				CLANG_WARN_RANGE_LOOP_ANALYSIS = YES;
				CLANG_WARN_STRICT_PROTOTYPES = YES;
				CLANG_WARN_SUSPICIOUS_MOVE = YES;
				CLANG_WARN_UNGUARDED_AVAILABILITY = YES_AGGRESSIVE;
				CLANG_WARN_UNREACHABLE_CODE = YES;
				CLANG_WARN__DUPLICATE_METHOD_MATCH = YES;
				COPY_PHASE_STRIP = NO;
				DEBUG_INFORMATION_FORMAT = "dwarf-with-dsym";
				ENABLE_NS_ASSERTIONS = NO;
				ENABLE_STRICT_OBJC_MSGSEND = YES;
				GCC_C_LANGUAGE_STANDARD = gnu11;
				GCC_NO_COMMON_BLOCKS = YES;
				GCC_WARN_64_TO_32_BIT_CONVERSION = YES;
				GCC_WARN_ABOUT_RETURN_TYPE = YES_ERROR;
				GCC_WARN_UNDECLARED_SELECTOR = YES;
				GCC_WARN_UNINITIALIZED_AUTOS = YES_AGGRESSIVE;
				GCC_WARN_UNUSED_FUNCTION = YES;
				GCC_WARN_UNUSED_VARIABLE = YES;
				IPHONEOS_DEPLOYMENT_TARGET = 13.2;
				MTL_ENABLE_DEBUG_INFO = NO;
				MTL_FAST_MATH = YES;
				SDKROOT = iphoneos;
				SWIFT_COMPILATION_MODE = wholemodule;
				SWIFT_OPTIMIZATION_LEVEL = "-O";
				VALIDATE_PRODUCT = YES;
			};
			name = Release;
		};
		CC0608EC23E16E5D006D2B4B /* Debug */ = {
			isa = XCBuildConfiguration;
			buildSettings = {
				ASSETCATALOG_COMPILER_APPICON_NAME = AppIcon;
				CODE_SIGN_STYLE = Automatic;
				INFOPLIST_FILE = AcousticContentSampleApp/Info.plist;
				LD_RUNPATH_SEARCH_PATHS = (
					"$(inherited)",
					"@executable_path/Frameworks",
				);
				PRODUCT_BUNDLE_IDENTIFIER = com.ibm.AcousticContentSampleApp;
				PRODUCT_NAME = "$(TARGET_NAME)";
				SWIFT_VERSION = 5.0;
				TARGETED_DEVICE_FAMILY = "1,2";
			};
			name = Debug;
		};
		CC0608ED23E16E5D006D2B4B /* Release */ = {
			isa = XCBuildConfiguration;
			buildSettings = {
				ASSETCATALOG_COMPILER_APPICON_NAME = AppIcon;
				CODE_SIGN_STYLE = Automatic;
				INFOPLIST_FILE = AcousticContentSampleApp/Info.plist;
				LD_RUNPATH_SEARCH_PATHS = (
					"$(inherited)",
					"@executable_path/Frameworks",
				);
				PRODUCT_BUNDLE_IDENTIFIER = com.ibm.AcousticContentSampleApp;
				PRODUCT_NAME = "$(TARGET_NAME)";
				SWIFT_VERSION = 5.0;
				TARGETED_DEVICE_FAMILY = "1,2";
			};
			name = Release;
		};
		CC0608EF23E16E5D006D2B4B /* Debug */ = {
			isa = XCBuildConfiguration;
			buildSettings = {
				ALWAYS_EMBED_SWIFT_STANDARD_LIBRARIES = YES;
				BUNDLE_LOADER = "$(TEST_HOST)";
				CODE_SIGN_STYLE = Automatic;
				INFOPLIST_FILE = AcousticContentSampleAppTests/Info.plist;
				IPHONEOS_DEPLOYMENT_TARGET = 13.2;
				LD_RUNPATH_SEARCH_PATHS = (
					"$(inherited)",
					"@executable_path/Frameworks",
					"@loader_path/Frameworks",
				);
				PRODUCT_BUNDLE_IDENTIFIER = com.ibm.AcousticContentSampleAppTests;
				PRODUCT_NAME = "$(TARGET_NAME)";
				SWIFT_VERSION = 5.0;
				TARGETED_DEVICE_FAMILY = "1,2";
				TEST_HOST = "$(BUILT_PRODUCTS_DIR)/AcousticContentSampleApp.app/AcousticContentSampleApp";
			};
			name = Debug;
		};
		CC0608F023E16E5D006D2B4B /* Release */ = {
			isa = XCBuildConfiguration;
			buildSettings = {
				ALWAYS_EMBED_SWIFT_STANDARD_LIBRARIES = YES;
				BUNDLE_LOADER = "$(TEST_HOST)";
				CODE_SIGN_STYLE = Automatic;
				INFOPLIST_FILE = AcousticContentSampleAppTests/Info.plist;
				IPHONEOS_DEPLOYMENT_TARGET = 13.2;
				LD_RUNPATH_SEARCH_PATHS = (
					"$(inherited)",
					"@executable_path/Frameworks",
					"@loader_path/Frameworks",
				);
				PRODUCT_BUNDLE_IDENTIFIER = com.ibm.AcousticContentSampleAppTests;
				PRODUCT_NAME = "$(TARGET_NAME)";
				SWIFT_VERSION = 5.0;
				TARGETED_DEVICE_FAMILY = "1,2";
				TEST_HOST = "$(BUILT_PRODUCTS_DIR)/AcousticContentSampleApp.app/AcousticContentSampleApp";
			};
			name = Release;
		};
/* End XCBuildConfiguration section */

/* Begin XCConfigurationList section */
		CC0608C723E16E5A006D2B4B /* Build configuration list for PBXProject "AcousticContentSampleApp" */ = {
			isa = XCConfigurationList;
			buildConfigurations = (
				CC0608E923E16E5D006D2B4B /* Debug */,
				CC0608EA23E16E5D006D2B4B /* Release */,
			);
			defaultConfigurationIsVisible = 0;
			defaultConfigurationName = Release;
		};
		CC0608EB23E16E5D006D2B4B /* Build configuration list for PBXNativeTarget "AcousticContentSampleApp" */ = {
			isa = XCConfigurationList;
			buildConfigurations = (
				CC0608EC23E16E5D006D2B4B /* Debug */,
				CC0608ED23E16E5D006D2B4B /* Release */,
			);
			defaultConfigurationIsVisible = 0;
			defaultConfigurationName = Release;
		};
		CC0608EE23E16E5D006D2B4B /* Build configuration list for PBXNativeTarget "AcousticContentSampleAppTests" */ = {
			isa = XCConfigurationList;
			buildConfigurations = (
				CC0608EF23E16E5D006D2B4B /* Debug */,
				CC0608F023E16E5D006D2B4B /* Release */,
			);
			defaultConfigurationIsVisible = 0;
			defaultConfigurationName = Release;
		};
/* End XCConfigurationList section */
	};
	rootObject = CC0608C423E16E5A006D2B4B /* Project object */;
}
